
Microsoft Visual Studio Solution File, Format Version 12.00
# Visual Studio Version 16
VisualStudioVersion = 16.0.30523.141
MinimumVisualStudioVersion = 10.0.40219.1
Project("{FAE04EC0-301F-11D3-BF4B-00C04F79EFBC}") = "Rocky", "Rocky\Rocky.csproj", "{D1C1CCFC-6535-497B-9F1A-49227A4BE697}"
EndProject
Global
	GlobalSection(SolutionConfigurationPlatforms) = preSolution
		Debug|Any CPU = Debug|Any CPU
		Release|Any CPU = Release|Any CPU
	EndGlobalSection
	GlobalSection(ProjectConfigurationPlatforms) = postSolution
		{D1C1CCFC-6535-497B-9F1A-49227A4BE697}.Debug|Any CPU.ActiveCfg = Debug|Any CPU
		{D1C1CCFC-6535-497B-9F1A-49227A4BE697}.Debug|Any CPU.Build.0 = Debug|Any CPU
		{D1C1CCFC-6535-497B-9F1A-49227A4BE697}.Release|Any CPU.ActiveCfg = Release|Any CPU
		{D1C1CCFC-6535-497B-9F1A-49227A4BE697}.Release|Any CPU.Build.0 = Release|Any CPU
	EndGlobalSection
	GlobalSection(SolutionProperties) = preSolution
		HideSolutionNode = FALSE
	EndGlobalSection
	GlobalSection(ExtensibilityGlobals) = postSolution
		SolutionGuid = {2203F815-5EA7-49D0-B5A8-DCC51E3B3489}
	EndGlobalSection
EndGlobal
